// !$*UTF8*$!
{
	archiveVersion = 1;
	classes = {
	};
	objectVersion = 46;
	objects = {

/* Begin PBXBuildFile section */
		892DD89A1B0C1FB70038CC9A /* 1.png in Resources */ = {isa = PBXBuildFile; fileRef = 892DD8911B0C1FB70038CC9A /* 1.png */; };
		892DD89B1B0C1FB70038CC9A /* 2.png in Resources */ = {isa = PBXBuildFile; fileRef = 892DD8921B0C1FB70038CC9A /* 2.png */; };
		892DD89C1B0C1FB70038CC9A /* 3.png in Resources */ = {isa = PBXBuildFile; fileRef = 892DD8931B0C1FB70038CC9A /* 3.png */; };
		892DD89D1B0C1FB70038CC9A /* 4.png in Resources */ = {isa = PBXBuildFile; fileRef = 892DD8941B0C1FB70038CC9A /* 4.png */; };
		892DD89E1B0C1FB70038CC9A /* 5.png in Resources */ = {isa = PBXBuildFile; fileRef = 892DD8951B0C1FB70038CC9A /* 5.png */; };
		892DD89F1B0C1FB70038CC9A /* 6.png in Resources */ = {isa = PBXBuildFile; fileRef = 892DD8961B0C1FB70038CC9A /* 6.png */; };
		892DD8A01B0C1FB70038CC9A /* 7.png in Resources */ = {isa = PBXBuildFile; fileRef = 892DD8971B0C1FB70038CC9A /* 7.png */; };
		892DD8A11B0C1FB70038CC9A /* 8.png in Resources */ = {isa = PBXBuildFile; fileRef = 892DD8981B0C1FB70038CC9A /* 8.png */; };
		892DD8A21B0C1FB70038CC9A /* 9.png in Resources */ = {isa = PBXBuildFile; fileRef = 892DD8991B0C1FB70038CC9A /* 9.png */; };
		892DD8A91B0C1FD20038CC9A /* zoom.gif in Resources */ = {isa = PBXBuildFile; fileRef = 892DD8A31B0C1FD20038CC9A /* zoom.gif */; };
		892DD8AA1B0C1FD20038CC9A /* push.gif in Resources */ = {isa = PBXBuildFile; fileRef = 892DD8A41B0C1FD20038CC9A /* push.gif */; };
		892DD8AB1B0C1FD20038CC9A /* outScreen.gif in Resources */ = {isa = PBXBuildFile; fileRef = 892DD8A51B0C1FD20038CC9A /* outScreen.gif */; };
		892DD8AC1B0C1FD20038CC9A /* zoomMax.gif in Resources */ = {isa = PBXBuildFile; fileRef = 892DD8A61B0C1FD20038CC9A /* zoomMax.gif */; };
		892DD8AD1B0C1FD20038CC9A /* modal.gif in Resources */ = {isa = PBXBuildFile; fileRef = 892DD8A71B0C1FD20038CC9A /* modal.gif */; };
		892DD8AE1B0C1FD20038CC9A /* transition.gif in Resources */ = {isa = PBXBuildFile; fileRef = 892DD8A81B0C1FD20038CC9A /* transition.gif */; };
		892DD8DE1B0C1FFD0038CC9A /* PhotoBroswer.m in Sources */ = {isa = PBXBuildFile; fileRef = 892DD8D01B0C1FFD0038CC9A /* PhotoBroswer.m */; };
		892DD8DF1B0C1FFD0038CC9A /* PhotoBroswer.xib in Resources */ = {isa = PBXBuildFile; fileRef = 892DD8D11B0C1FFD0038CC9A /* PhotoBroswer.xib */; };
		892DD8E51B0C20690038CC9A /* PhotoCotentView.m in Sources */ = {isa = PBXBuildFile; fileRef = 892DD8E41B0C20690038CC9A /* PhotoCotentView.m */; };
		892DD8E81B0C20720038CC9A /* ViewController.m in Sources */ = {isa = PBXBuildFile; fileRef = 892DD8E71B0C20720038CC9A /* ViewController.m */; };
		892DD8EA1B0C21290038CC9A /* Main.storyboard in Resources */ = {isa = PBXBuildFile; fileRef = 892DD8E91B0C21290038CC9A /* Main.storyboard */; };
		895806B51AFF0463006E49B9 /* 1.gif in Resources */ = {isa = PBXBuildFile; fileRef = 895806B21AFF0463006E49B9 /* 1.gif */; };
		895806B61AFF0463006E49B9 /* 2.gif in Resources */ = {isa = PBXBuildFile; fileRef = 895806B31AFF0463006E49B9 /* 2.gif */; };
		895806B71AFF0463006E49B9 /* 3.gif in Resources */ = {isa = PBXBuildFile; fileRef = 895806B41AFF0463006E49B9 /* 3.gif */; };
		896339E51AF7BA1A0085A721 /* main.m in Sources */ = {isa = PBXBuildFile; fileRef = 896339E41AF7BA1A0085A721 /* main.m */; };
		896339E81AF7BA1A0085A721 /* AppDelegate.m in Sources */ = {isa = PBXBuildFile; fileRef = 896339E71AF7BA1A0085A721 /* AppDelegate.m */; };
		896339F01AF7BA1A0085A721 /* Images.xcassets in Resources */ = {isa = PBXBuildFile; fileRef = 896339EF1AF7BA1A0085A721 /* Images.xcassets */; };
		896339F31AF7BA1A0085A721 /* LaunchScreen.xib in Resources */ = {isa = PBXBuildFile; fileRef = 896339F11AF7BA1A0085A721 /* LaunchScreen.xib */; };
		896339FF1AF7BA1A0085A721 /* CorePhotoBroswerVCTests.m in Sources */ = {isa = PBXBuildFile; fileRef = 896339FE1AF7BA1A0085A721 /* CorePhotoBroswerVCTests.m */; };
		BC5BE5E71C88307000E96E10 /* CALayer+Transition.m in Sources */ = {isa = PBXBuildFile; fileRef = BC5BE5961C88307000E96E10 /* CALayer+Transition.m */; };
		BC5BE5E81C88307000E96E10 /* NSString+File.m in Sources */ = {isa = PBXBuildFile; fileRef = BC5BE5981C88307000E96E10 /* NSString+File.m */; };
		BC5BE5E91C88307000E96E10 /* UIImage+Extend.m in Sources */ = {isa = PBXBuildFile; fileRef = BC5BE59A1C88307000E96E10 /* UIImage+Extend.m */; };
		BC5BE5EA1C88307000E96E10 /* UIView+Extend.m in Sources */ = {isa = PBXBuildFile; fileRef = BC5BE59C1C88307000E96E10 /* UIView+Extend.m */; };
		BC5BE5EC1C88307000E96E10 /* CoreArchive.m in Sources */ = {isa = PBXBuildFile; fileRef = BC5BE5A21C88307000E96E10 /* CoreArchive.m */; };
		BC5BE5ED1C88307000E96E10 /* CoreSDWebImage.bundle in Resources */ = {isa = PBXBuildFile; fileRef = BC5BE5A51C88307000E96E10 /* CoreSDWebImage.bundle */; };
		BC5BE5EE1C88307000E96E10 /* MKAnnotationView+WebCache.m in Sources */ = {isa = PBXBuildFile; fileRef = BC5BE5A81C88307000E96E10 /* MKAnnotationView+WebCache.m */; };
		BC5BE5EF1C88307000E96E10 /* NSData+ImageContentType.m in Sources */ = {isa = PBXBuildFile; fileRef = BC5BE5AA1C88307000E96E10 /* NSData+ImageContentType.m */; };
		BC5BE5F01C88307000E96E10 /* SDImageCache.m in Sources */ = {isa = PBXBuildFile; fileRef = BC5BE5AC1C88307000E96E10 /* SDImageCache.m */; };
		BC5BE5F11C88307000E96E10 /* SDWebImageCompat.m in Sources */ = {isa = PBXBuildFile; fileRef = BC5BE5AE1C88307000E96E10 /* SDWebImageCompat.m */; };
		BC5BE5F21C88307000E96E10 /* SDWebImageDecoder.m in Sources */ = {isa = PBXBuildFile; fileRef = BC5BE5B01C88307000E96E10 /* SDWebImageDecoder.m */; };
		BC5BE5F31C88307000E96E10 /* SDWebImageDownloader.m in Sources */ = {isa = PBXBuildFile; fileRef = BC5BE5B21C88307000E96E10 /* SDWebImageDownloader.m */; };
		BC5BE5F41C88307000E96E10 /* SDWebImageDownloaderOperation.m in Sources */ = {isa = PBXBuildFile; fileRef = BC5BE5B41C88307000E96E10 /* SDWebImageDownloaderOperation.m */; };
		BC5BE5F51C88307000E96E10 /* SDWebImageManager.m in Sources */ = {isa = PBXBuildFile; fileRef = BC5BE5B61C88307000E96E10 /* SDWebImageManager.m */; };
		BC5BE5F61C88307000E96E10 /* SDWebImagePrefetcher.m in Sources */ = {isa = PBXBuildFile; fileRef = BC5BE5B91C88307000E96E10 /* SDWebImagePrefetcher.m */; };
		BC5BE5F71C88307000E96E10 /* UIButton+WebCache.m in Sources */ = {isa = PBXBuildFile; fileRef = BC5BE5BB1C88307000E96E10 /* UIButton+WebCache.m */; };
		BC5BE5F81C88307000E96E10 /* UIImage+GIF.m in Sources */ = {isa = PBXBuildFile; fileRef = BC5BE5BD1C88307000E96E10 /* UIImage+GIF.m */; };
		BC5BE5F91C88307000E96E10 /* UIImage+MultiFormat.m in Sources */ = {isa = PBXBuildFile; fileRef = BC5BE5BF1C88307000E96E10 /* UIImage+MultiFormat.m */; };
		BC5BE5FA1C88307000E96E10 /* UIImage+WebP.m in Sources */ = {isa = PBXBuildFile; fileRef = BC5BE5C11C88307000E96E10 /* UIImage+WebP.m */; };
		BC5BE5FB1C88307000E96E10 /* UIImageView+HighlightedWebCache.m in Sources */ = {isa = PBXBuildFile; fileRef = BC5BE5C31C88307000E96E10 /* UIImageView+HighlightedWebCache.m */; };
		BC5BE5FC1C88307000E96E10 /* UIImageView+WebCache.m in Sources */ = {isa = PBXBuildFile; fileRef = BC5BE5C51C88307000E96E10 /* UIImageView+WebCache.m */; };
		BC5BE5FD1C88307000E96E10 /* UIView+WebCacheOperation.m in Sources */ = {isa = PBXBuildFile; fileRef = BC5BE5C71C88307000E96E10 /* UIView+WebCacheOperation.m */; };
		BC5BE5FE1C88307000E96E10 /* CoreSVP.bundle in Resources */ = {isa = PBXBuildFile; fileRef = BC5BE5C91C88307000E96E10 /* CoreSVP.bundle */; };
		BC5BE5FF1C88307000E96E10 /* CoreSVP.m in Sources */ = {isa = PBXBuildFile; fileRef = BC5BE5CB1C88307000E96E10 /* CoreSVP.m */; };
		BC5BE6001C88307000E96E10 /* SVIndefiniteAnimatedView.m in Sources */ = {isa = PBXBuildFile; fileRef = BC5BE5CE1C88307000E96E10 /* SVIndefiniteAnimatedView.m */; };
		BC5BE6011C88307000E96E10 /* SVProgressHUD.bundle in Resources */ = {isa = PBXBuildFile; fileRef = BC5BE5D01C88307000E96E10 /* SVProgressHUD.bundle */; };
		BC5BE6021C88307000E96E10 /* SVProgressHUD.m in Sources */ = {isa = PBXBuildFile; fileRef = BC5BE5D21C88307000E96E10 /* SVProgressHUD.m */; };
		BC5BE6031C88307000E96E10 /* PhotoModel.m in Sources */ = {isa = PBXBuildFile; fileRef = BC5BE5D51C88307000E96E10 /* PhotoModel.m */; };
		BC5BE6041C88307000E96E10 /* PB.bundle in Resources */ = {isa = PBXBuildFile; fileRef = BC5BE5D71C88307000E96E10 /* PB.bundle */; };
		BC5BE6081C88307000E96E10 /* PBScrollView.m in Sources */ = {isa = PBXBuildFile; fileRef = BC5BE5E11C88307000E96E10 /* PBScrollView.m */; };
		BC5BE6091C88307000E96E10 /* PhotoImageView.m in Sources */ = {isa = PBXBuildFile; fileRef = BC5BE5E31C88307000E96E10 /* PhotoImageView.m */; };
		BC5BE60A1C88307000E96E10 /* PhotoItemView.m in Sources */ = {isa = PBXBuildFile; fileRef = BC5BE5E51C88307000E96E10 /* PhotoItemView.m */; };
		BC5BE60B1C88307000E96E10 /* PhotoItemView.xib in Resources */ = {isa = PBXBuildFile; fileRef = BC5BE5E61C88307000E96E10 /* PhotoItemView.xib */; };
		BC5BE6101C88338600E96E10 /* LFRoundProgressView.m in Sources */ = {isa = PBXBuildFile; fileRef = BC5BE60F1C88338600E96E10 /* LFRoundProgressView.m */; };
		BC5BE6131C8833BF00E96E10 /* PBPGView.m in Sources */ = {isa = PBXBuildFile; fileRef = BC5BE6121C8833BF00E96E10 /* PBPGView.m */; };
/* End PBXBuildFile section */

/* Begin PBXContainerItemProxy section */
		896339F91AF7BA1A0085A721 /* PBXContainerItemProxy */ = {
			isa = PBXContainerItemProxy;
			containerPortal = 896339D71AF7BA1A0085A721 /* Project object */;
			proxyType = 1;
			remoteGlobalIDString = 896339DE1AF7BA1A0085A721;
			remoteInfo = CorePhotoBroswerVC;
		};
/* End PBXContainerItemProxy section */

/* Begin PBXFileReference section */
		892DD8911B0C1FB70038CC9A /* 1.png */ = {isa = PBXFileReference; lastKnownFileType = image.png; path = 1.png; sourceTree = "<group>"; };
		892DD8921B0C1FB70038CC9A /* 2.png */ = {isa = PBXFileReference; lastKnownFileType = image.png; path = 2.png; sourceTree = "<group>"; };
		892DD8931B0C1FB70038CC9A /* 3.png */ = {isa = PBXFileReference; lastKnownFileType = image.png; path = 3.png; sourceTree = "<group>"; };
		892DD8941B0C1FB70038CC9A /* 4.png */ = {isa = PBXFileReference; lastKnownFileType = image.png; path = 4.png; sourceTree = "<group>"; };
		892DD8951B0C1FB70038CC9A /* 5.png */ = {isa = PBXFileReference; lastKnownFileType = image.png; path = 5.png; sourceTree = "<group>"; };
		892DD8961B0C1FB70038CC9A /* 6.png */ = {isa = PBXFileReference; lastKnownFileType = image.png; path = 6.png; sourceTree = "<group>"; };
		892DD8971B0C1FB70038CC9A /* 7.png */ = {isa = PBXFileReference; lastKnownFileType = image.png; path = 7.png; sourceTree = "<group>"; };
		892DD8981B0C1FB70038CC9A /* 8.png */ = {isa = PBXFileReference; lastKnownFileType = image.png; path = 8.png; sourceTree = "<group>"; };
		892DD8991B0C1FB70038CC9A /* 9.png */ = {isa = PBXFileReference; lastKnownFileType = image.png; path = 9.png; sourceTree = "<group>"; };
		892DD8A31B0C1FD20038CC9A /* zoom.gif */ = {isa = PBXFileReference; lastKnownFileType = image.gif; path = zoom.gif; sourceTree = "<group>"; };
		892DD8A41B0C1FD20038CC9A /* push.gif */ = {isa = PBXFileReference; lastKnownFileType = image.gif; path = push.gif; sourceTree = "<group>"; };
		892DD8A51B0C1FD20038CC9A /* outScreen.gif */ = {isa = PBXFileReference; lastKnownFileType = image.gif; path = outScreen.gif; sourceTree = "<group>"; };
		892DD8A61B0C1FD20038CC9A /* zoomMax.gif */ = {isa = PBXFileReference; lastKnownFileType = image.gif; path = zoomMax.gif; sourceTree = "<group>"; };
		892DD8A71B0C1FD20038CC9A /* modal.gif */ = {isa = PBXFileReference; lastKnownFileType = image.gif; path = modal.gif; sourceTree = "<group>"; };
		892DD8A81B0C1FD20038CC9A /* transition.gif */ = {isa = PBXFileReference; lastKnownFileType = image.gif; path = transition.gif; sourceTree = "<group>"; };
		892DD8CF1B0C1FFD0038CC9A /* PhotoBroswer.h */ = {isa = PBXFileReference; fileEncoding = 4; lastKnownFileType = sourcecode.c.h; path = PhotoBroswer.h; sourceTree = "<group>"; };
		892DD8D01B0C1FFD0038CC9A /* PhotoBroswer.m */ = {isa = PBXFileReference; fileEncoding = 4; lastKnownFileType = sourcecode.c.objc; path = PhotoBroswer.m; sourceTree = "<group>"; };
		892DD8D11B0C1FFD0038CC9A /* PhotoBroswer.xib */ = {isa = PBXFileReference; fileEncoding = 4; lastKnownFileType = file.xib; path = PhotoBroswer.xib; sourceTree = "<group>"; };
		892DD8E31B0C20690038CC9A /* PhotoCotentView.h */ = {isa = PBXFileReference; fileEncoding = 4; lastKnownFileType = sourcecode.c.h; path = PhotoCotentView.h; sourceTree = "<group>"; };
		892DD8E41B0C20690038CC9A /* PhotoCotentView.m */ = {isa = PBXFileReference; fileEncoding = 4; lastKnownFileType = sourcecode.c.objc; path = PhotoCotentView.m; sourceTree = "<group>"; };
		892DD8E61B0C20720038CC9A /* ViewController.h */ = {isa = PBXFileReference; fileEncoding = 4; lastKnownFileType = sourcecode.c.h; path = ViewController.h; sourceTree = "<group>"; };
		892DD8E71B0C20720038CC9A /* ViewController.m */ = {isa = PBXFileReference; fileEncoding = 4; lastKnownFileType = sourcecode.c.objc; path = ViewController.m; sourceTree = "<group>"; };
		892DD8E91B0C21290038CC9A /* Main.storyboard */ = {isa = PBXFileReference; fileEncoding = 4; lastKnownFileType = file.storyboard; path = Main.storyboard; sourceTree = "<group>"; };
		895806B21AFF0463006E49B9 /* 1.gif */ = {isa = PBXFileReference; lastKnownFileType = image.gif; path = 1.gif; sourceTree = "<group>"; };
		895806B31AFF0463006E49B9 /* 2.gif */ = {isa = PBXFileReference; lastKnownFileType = image.gif; path = 2.gif; sourceTree = "<group>"; };
		895806B41AFF0463006E49B9 /* 3.gif */ = {isa = PBXFileReference; lastKnownFileType = image.gif; path = 3.gif; sourceTree = "<group>"; };
		896339DF1AF7BA1A0085A721 /* CorePhotoBroswerVC.app */ = {isa = PBXFileReference; explicitFileType = wrapper.application; includeInIndex = 0; path = CorePhotoBroswerVC.app; sourceTree = BUILT_PRODUCTS_DIR; };
		896339E31AF7BA1A0085A721 /* Info.plist */ = {isa = PBXFileReference; lastKnownFileType = text.plist.xml; path = Info.plist; sourceTree = "<group>"; };
		896339E41AF7BA1A0085A721 /* main.m */ = {isa = PBXFileReference; lastKnownFileType = sourcecode.c.objc; path = main.m; sourceTree = "<group>"; };
		896339E61AF7BA1A0085A721 /* AppDelegate.h */ = {isa = PBXFileReference; lastKnownFileType = sourcecode.c.h; path = AppDelegate.h; sourceTree = "<group>"; };
		896339E71AF7BA1A0085A721 /* AppDelegate.m */ = {isa = PBXFileReference; lastKnownFileType = sourcecode.c.objc; path = AppDelegate.m; sourceTree = "<group>"; };
		896339EF1AF7BA1A0085A721 /* Images.xcassets */ = {isa = PBXFileReference; lastKnownFileType = folder.assetcatalog; path = Images.xcassets; sourceTree = "<group>"; };
		896339F21AF7BA1A0085A721 /* Base */ = {isa = PBXFileReference; lastKnownFileType = file.xib; name = Base; path = Base.lproj/LaunchScreen.xib; sourceTree = "<group>"; };
		896339F81AF7BA1A0085A721 /* CorePhotoBroswerVCTests.xctest */ = {isa = PBXFileReference; explicitFileType = wrapper.cfbundle; includeInIndex = 0; path = CorePhotoBroswerVCTests.xctest; sourceTree = BUILT_PRODUCTS_DIR; };
		896339FD1AF7BA1A0085A721 /* Info.plist */ = {isa = PBXFileReference; lastKnownFileType = text.plist.xml; path = Info.plist; sourceTree = "<group>"; };
		896339FE1AF7BA1A0085A721 /* CorePhotoBroswerVCTests.m */ = {isa = PBXFileReference; lastKnownFileType = sourcecode.c.objc; path = CorePhotoBroswerVCTests.m; sourceTree = "<group>"; };
		BC5BE5951C88307000E96E10 /* CALayer+Transition.h */ = {isa = PBXFileReference; fileEncoding = 4; lastKnownFileType = sourcecode.c.h; path = "CALayer+Transition.h"; sourceTree = "<group>"; };
		BC5BE5961C88307000E96E10 /* CALayer+Transition.m */ = {isa = PBXFileReference; fileEncoding = 4; lastKnownFileType = sourcecode.c.objc; path = "CALayer+Transition.m"; sourceTree = "<group>"; };
		BC5BE5971C88307000E96E10 /* NSString+File.h */ = {isa = PBXFileReference; fileEncoding = 4; lastKnownFileType = sourcecode.c.h; path = "NSString+File.h"; sourceTree = "<group>"; };
		BC5BE5981C88307000E96E10 /* NSString+File.m */ = {isa = PBXFileReference; fileEncoding = 4; lastKnownFileType = sourcecode.c.objc; path = "NSString+File.m"; sourceTree = "<group>"; };
		BC5BE5991C88307000E96E10 /* UIImage+Extend.h */ = {isa = PBXFileReference; fileEncoding = 4; lastKnownFileType = sourcecode.c.h; path = "UIImage+Extend.h"; sourceTree = "<group>"; };
		BC5BE59A1C88307000E96E10 /* UIImage+Extend.m */ = {isa = PBXFileReference; fileEncoding = 4; lastKnownFileType = sourcecode.c.objc; path = "UIImage+Extend.m"; sourceTree = "<group>"; };
		BC5BE59B1C88307000E96E10 /* UIView+Extend.h */ = {isa = PBXFileReference; fileEncoding = 4; lastKnownFileType = sourcecode.c.h; path = "UIView+Extend.h"; sourceTree = "<group>"; };
		BC5BE59C1C88307000E96E10 /* UIView+Extend.m */ = {isa = PBXFileReference; fileEncoding = 4; lastKnownFileType = sourcecode.c.objc; path = "UIView+Extend.m"; sourceTree = "<group>"; };
		BC5BE5A11C88307000E96E10 /* CoreArchive.h */ = {isa = PBXFileReference; fileEncoding = 4; lastKnownFileType = sourcecode.c.h; path = CoreArchive.h; sourceTree = "<group>"; };
		BC5BE5A21C88307000E96E10 /* CoreArchive.m */ = {isa = PBXFileReference; fileEncoding = 4; lastKnownFileType = sourcecode.c.objc; path = CoreArchive.m; sourceTree = "<group>"; };
		BC5BE5A51C88307000E96E10 /* CoreSDWebImage.bundle */ = {isa = PBXFileReference; lastKnownFileType = "wrapper.plug-in"; path = CoreSDWebImage.bundle; sourceTree = "<group>"; };
		BC5BE5A71C88307000E96E10 /* MKAnnotationView+WebCache.h */ = {isa = PBXFileReference; fileEncoding = 4; lastKnownFileType = sourcecode.c.h; path = "MKAnnotationView+WebCache.h"; sourceTree = "<group>"; };
		BC5BE5A81C88307000E96E10 /* MKAnnotationView+WebCache.m */ = {isa = PBXFileReference; fileEncoding = 4; lastKnownFileType = sourcecode.c.objc; path = "MKAnnotationView+WebCache.m"; sourceTree = "<group>"; };
		BC5BE5A91C88307000E96E10 /* NSData+ImageContentType.h */ = {isa = PBXFileReference; fileEncoding = 4; lastKnownFileType = sourcecode.c.h; path = "NSData+ImageContentType.h"; sourceTree = "<group>"; };
		BC5BE5AA1C88307000E96E10 /* NSData+ImageContentType.m */ = {isa = PBXFileReference; fileEncoding = 4; lastKnownFileType = sourcecode.c.objc; path = "NSData+ImageContentType.m"; sourceTree = "<group>"; };
		BC5BE5AB1C88307000E96E10 /* SDImageCache.h */ = {isa = PBXFileReference; fileEncoding = 4; lastKnownFileType = sourcecode.c.h; path = SDImageCache.h; sourceTree = "<group>"; };
		BC5BE5AC1C88307000E96E10 /* SDImageCache.m */ = {isa = PBXFileReference; fileEncoding = 4; lastKnownFileType = sourcecode.c.objc; path = SDImageCache.m; sourceTree = "<group>"; };
		BC5BE5AD1C88307000E96E10 /* SDWebImageCompat.h */ = {isa = PBXFileReference; fileEncoding = 4; lastKnownFileType = sourcecode.c.h; path = SDWebImageCompat.h; sourceTree = "<group>"; };
		BC5BE5AE1C88307000E96E10 /* SDWebImageCompat.m */ = {isa = PBXFileReference; fileEncoding = 4; lastKnownFileType = sourcecode.c.objc; path = SDWebImageCompat.m; sourceTree = "<group>"; };
		BC5BE5AF1C88307000E96E10 /* SDWebImageDecoder.h */ = {isa = PBXFileReference; fileEncoding = 4; lastKnownFileType = sourcecode.c.h; path = SDWebImageDecoder.h; sourceTree = "<group>"; };
		BC5BE5B01C88307000E96E10 /* SDWebImageDecoder.m */ = {isa = PBXFileReference; fileEncoding = 4; lastKnownFileType = sourcecode.c.objc; path = SDWebImageDecoder.m; sourceTree = "<group>"; };
		BC5BE5B11C88307000E96E10 /* SDWebImageDownloader.h */ = {isa = PBXFileReference; fileEncoding = 4; lastKnownFileType = sourcecode.c.h; path = SDWebImageDownloader.h; sourceTree = "<group>"; };
		BC5BE5B21C88307000E96E10 /* SDWebImageDownloader.m */ = {isa = PBXFileReference; fileEncoding = 4; lastKnownFileType = sourcecode.c.objc; path = SDWebImageDownloader.m; sourceTree = "<group>"; };
		BC5BE5B31C88307000E96E10 /* SDWebImageDownloaderOperation.h */ = {isa = PBXFileReference; fileEncoding = 4; lastKnownFileType = sourcecode.c.h; path = SDWebImageDownloaderOperation.h; sourceTree = "<group>"; };
		BC5BE5B41C88307000E96E10 /* SDWebImageDownloaderOperation.m */ = {isa = PBXFileReference; fileEncoding = 4; lastKnownFileType = sourcecode.c.objc; path = SDWebImageDownloaderOperation.m; sourceTree = "<group>"; };
		BC5BE5B51C88307000E96E10 /* SDWebImageManager.h */ = {isa = PBXFileReference; fileEncoding = 4; lastKnownFileType = sourcecode.c.h; path = SDWebImageManager.h; sourceTree = "<group>"; };
		BC5BE5B61C88307000E96E10 /* SDWebImageManager.m */ = {isa = PBXFileReference; fileEncoding = 4; lastKnownFileType = sourcecode.c.objc; path = SDWebImageManager.m; sourceTree = "<group>"; };
		BC5BE5B71C88307000E96E10 /* SDWebImageOperation.h */ = {isa = PBXFileReference; fileEncoding = 4; lastKnownFileType = sourcecode.c.h; path = SDWebImageOperation.h; sourceTree = "<group>"; };
		BC5BE5B81C88307000E96E10 /* SDWebImagePrefetcher.h */ = {isa = PBXFileReference; fileEncoding = 4; lastKnownFileType = sourcecode.c.h; path = SDWebImagePrefetcher.h; sourceTree = "<group>"; };
		BC5BE5B91C88307000E96E10 /* SDWebImagePrefetcher.m */ = {isa = PBXFileReference; fileEncoding = 4; lastKnownFileType = sourcecode.c.objc; path = SDWebImagePrefetcher.m; sourceTree = "<group>"; };
		BC5BE5BA1C88307000E96E10 /* UIButton+WebCache.h */ = {isa = PBXFileReference; fileEncoding = 4; lastKnownFileType = sourcecode.c.h; path = "UIButton+WebCache.h"; sourceTree = "<group>"; };
		BC5BE5BB1C88307000E96E10 /* UIButton+WebCache.m */ = {isa = PBXFileReference; fileEncoding = 4; lastKnownFileType = sourcecode.c.objc; path = "UIButton+WebCache.m"; sourceTree = "<group>"; };
		BC5BE5BC1C88307000E96E10 /* UIImage+GIF.h */ = {isa = PBXFileReference; fileEncoding = 4; lastKnownFileType = sourcecode.c.h; path = "UIImage+GIF.h"; sourceTree = "<group>"; };
		BC5BE5BD1C88307000E96E10 /* UIImage+GIF.m */ = {isa = PBXFileReference; fileEncoding = 4; lastKnownFileType = sourcecode.c.objc; path = "UIImage+GIF.m"; sourceTree = "<group>"; };
		BC5BE5BE1C88307000E96E10 /* UIImage+MultiFormat.h */ = {isa = PBXFileReference; fileEncoding = 4; lastKnownFileType = sourcecode.c.h; path = "UIImage+MultiFormat.h"; sourceTree = "<group>"; };
		BC5BE5BF1C88307000E96E10 /* UIImage+MultiFormat.m */ = {isa = PBXFileReference; fileEncoding = 4; lastKnownFileType = sourcecode.c.objc; path = "UIImage+MultiFormat.m"; sourceTree = "<group>"; };
		BC5BE5C01C88307000E96E10 /* UIImage+WebP.h */ = {isa = PBXFileReference; fileEncoding = 4; lastKnownFileType = sourcecode.c.h; path = "UIImage+WebP.h"; sourceTree = "<group>"; };
		BC5BE5C11C88307000E96E10 /* UIImage+WebP.m */ = {isa = PBXFileReference; fileEncoding = 4; lastKnownFileType = sourcecode.c.objc; path = "UIImage+WebP.m"; sourceTree = "<group>"; };
		BC5BE5C21C88307000E96E10 /* UIImageView+HighlightedWebCache.h */ = {isa = PBXFileReference; fileEncoding = 4; lastKnownFileType = sourcecode.c.h; path = "UIImageView+HighlightedWebCache.h"; sourceTree = "<group>"; };
		BC5BE5C31C88307000E96E10 /* UIImageView+HighlightedWebCache.m */ = {isa = PBXFileReference; fileEncoding = 4; lastKnownFileType = sourcecode.c.objc; path = "UIImageView+HighlightedWebCache.m"; sourceTree = "<group>"; };
		BC5BE5C41C88307000E96E10 /* UIImageView+WebCache.h */ = {isa = PBXFileReference; fileEncoding = 4; lastKnownFileType = sourcecode.c.h; path = "UIImageView+WebCache.h"; sourceTree = "<group>"; };
		BC5BE5C51C88307000E96E10 /* UIImageView+WebCache.m */ = {isa = PBXFileReference; fileEncoding = 4; lastKnownFileType = sourcecode.c.objc; path = "UIImageView+WebCache.m"; sourceTree = "<group>"; };
		BC5BE5C61C88307000E96E10 /* UIView+WebCacheOperation.h */ = {isa = PBXFileReference; fileEncoding = 4; lastKnownFileType = sourcecode.c.h; path = "UIView+WebCacheOperation.h"; sourceTree = "<group>"; };
		BC5BE5C71C88307000E96E10 /* UIView+WebCacheOperation.m */ = {isa = PBXFileReference; fileEncoding = 4; lastKnownFileType = sourcecode.c.objc; path = "UIView+WebCacheOperation.m"; sourceTree = "<group>"; };
		BC5BE5C91C88307000E96E10 /* CoreSVP.bundle */ = {isa = PBXFileReference; lastKnownFileType = "wrapper.plug-in"; path = CoreSVP.bundle; sourceTree = "<group>"; };
		BC5BE5CA1C88307000E96E10 /* CoreSVP.h */ = {isa = PBXFileReference; fileEncoding = 4; lastKnownFileType = sourcecode.c.h; path = CoreSVP.h; sourceTree = "<group>"; };
		BC5BE5CB1C88307000E96E10 /* CoreSVP.m */ = {isa = PBXFileReference; fileEncoding = 4; lastKnownFileType = sourcecode.c.objc; path = CoreSVP.m; sourceTree = "<group>"; };
		BC5BE5CD1C88307000E96E10 /* SVIndefiniteAnimatedView.h */ = {isa = PBXFileReference; fileEncoding = 4; lastKnownFileType = sourcecode.c.h; path = SVIndefiniteAnimatedView.h; sourceTree = "<group>"; };
		BC5BE5CE1C88307000E96E10 /* SVIndefiniteAnimatedView.m */ = {isa = PBXFileReference; fileEncoding = 4; lastKnownFileType = sourcecode.c.objc; path = SVIndefiniteAnimatedView.m; sourceTree = "<group>"; };
		BC5BE5CF1C88307000E96E10 /* SVProgressHUD-Prefix.pch */ = {isa = PBXFileReference; fileEncoding = 4; lastKnownFileType = sourcecode.c.h; path = "SVProgressHUD-Prefix.pch"; sourceTree = "<group>"; };
		BC5BE5D01C88307000E96E10 /* SVProgressHUD.bundle */ = {isa = PBXFileReference; lastKnownFileType = "wrapper.plug-in"; path = SVProgressHUD.bundle; sourceTree = "<group>"; };
		BC5BE5D11C88307000E96E10 /* SVProgressHUD.h */ = {isa = PBXFileReference; fileEncoding = 4; lastKnownFileType = sourcecode.c.h; path = SVProgressHUD.h; sourceTree = "<group>"; };
		BC5BE5D21C88307000E96E10 /* SVProgressHUD.m */ = {isa = PBXFileReference; fileEncoding = 4; lastKnownFileType = sourcecode.c.objc; path = SVProgressHUD.m; sourceTree = "<group>"; };
		BC5BE5D41C88307000E96E10 /* PhotoModel.h */ = {isa = PBXFileReference; fileEncoding = 4; lastKnownFileType = sourcecode.c.h; path = PhotoModel.h; sourceTree = "<group>"; };
		BC5BE5D51C88307000E96E10 /* PhotoModel.m */ = {isa = PBXFileReference; fileEncoding = 4; lastKnownFileType = sourcecode.c.objc; path = PhotoModel.m; sourceTree = "<group>"; };
		BC5BE5D71C88307000E96E10 /* PB.bundle */ = {isa = PBXFileReference; lastKnownFileType = "wrapper.plug-in"; path = PB.bundle; sourceTree = "<group>"; };
		BC5BE5E01C88307000E96E10 /* PBScrollView.h */ = {isa = PBXFileReference; fileEncoding = 4; lastKnownFileType = sourcecode.c.h; path = PBScrollView.h; sourceTree = "<group>"; };
		BC5BE5E11C88307000E96E10 /* PBScrollView.m */ = {isa = PBXFileReference; fileEncoding = 4; lastKnownFileType = sourcecode.c.objc; path = PBScrollView.m; sourceTree = "<group>"; };
		BC5BE5E21C88307000E96E10 /* PhotoImageView.h */ = {isa = PBXFileReference; fileEncoding = 4; lastKnownFileType = sourcecode.c.h; path = PhotoImageView.h; sourceTree = "<group>"; };
		BC5BE5E31C88307000E96E10 /* PhotoImageView.m */ = {isa = PBXFileReference; fileEncoding = 4; lastKnownFileType = sourcecode.c.objc; path = PhotoImageView.m; sourceTree = "<group>"; };
		BC5BE5E41C88307000E96E10 /* PhotoItemView.h */ = {isa = PBXFileReference; fileEncoding = 4; lastKnownFileType = sourcecode.c.h; path = PhotoItemView.h; sourceTree = "<group>"; };
		BC5BE5E51C88307000E96E10 /* PhotoItemView.m */ = {isa = PBXFileReference; fileEncoding = 4; lastKnownFileType = sourcecode.c.objc; path = PhotoItemView.m; sourceTree = "<group>"; };
		BC5BE5E61C88307000E96E10 /* PhotoItemView.xib */ = {isa = PBXFileReference; fileEncoding = 4; lastKnownFileType = file.xib; path = PhotoItemView.xib; sourceTree = "<group>"; };
		BC5BE60D1C8831EA00E96E10 /* PhotoBroswerConfig.h */ = {isa = PBXFileReference; fileEncoding = 4; lastKnownFileType = sourcecode.c.h; path = PhotoBroswerConfig.h; sourceTree = "<group>"; };
		BC5BE60E1C88338600E96E10 /* LFRoundProgressView.h */ = {isa = PBXFileReference; fileEncoding = 4; lastKnownFileType = sourcecode.c.h; path = LFRoundProgressView.h; sourceTree = "<group>"; };
		BC5BE60F1C88338600E96E10 /* LFRoundProgressView.m */ = {isa = PBXFileReference; fileEncoding = 4; lastKnownFileType = sourcecode.c.objc; path = LFRoundProgressView.m; sourceTree = "<group>"; };
		BC5BE6111C8833BF00E96E10 /* PBPGView.h */ = {isa = PBXFileReference; fileEncoding = 4; lastKnownFileType = sourcecode.c.h; path = PBPGView.h; sourceTree = "<group>"; };
		BC5BE6121C8833BF00E96E10 /* PBPGView.m */ = {isa = PBXFileReference; fileEncoding = 4; lastKnownFileType = sourcecode.c.objc; path = PBPGView.m; sourceTree = "<group>"; };
/* End PBXFileReference section */

/* Begin PBXFrameworksBuildPhase section */
		896339DC1AF7BA1A0085A721 /* Frameworks */ = {
			isa = PBXFrameworksBuildPhase;
			buildActionMask = 2147483647;
			files = (
			);
			runOnlyForDeploymentPostprocessing = 0;
		};
		896339F51AF7BA1A0085A721 /* Frameworks */ = {
			isa = PBXFrameworksBuildPhase;
			buildActionMask = 2147483647;
			files = (
			);
			runOnlyForDeploymentPostprocessing = 0;
		};
/* End PBXFrameworksBuildPhase section */

/* Begin PBXGroup section */
		892DD8AF1B0C1FFD0038CC9A /* CorePhotoBroswerVC */ = {
			isa = PBXGroup;
			children = (
				BC5BE5931C88307000E96E10 /* Source */,
				892DD8CF1B0C1FFD0038CC9A /* PhotoBroswer.h */,
				892DD8D01B0C1FFD0038CC9A /* PhotoBroswer.m */,
				892DD8D11B0C1FFD0038CC9A /* PhotoBroswer.xib */,
			);
			path = CorePhotoBroswerVC;
			sourceTree = "<group>";
		};
		892DD8E01B0C20350038CC9A /* Home */ = {
			isa = PBXGroup;
			children = (
				892DD8E21B0C20450038CC9A /* Controller */,
				892DD8E11B0C203B0038CC9A /* View */,
			);
			name = Home;
			sourceTree = "<group>";
		};
		892DD8E11B0C203B0038CC9A /* View */ = {
			isa = PBXGroup;
			children = (
				892DD8E31B0C20690038CC9A /* PhotoCotentView.h */,
				892DD8E41B0C20690038CC9A /* PhotoCotentView.m */,
			);
			name = View;
			sourceTree = "<group>";
		};
		892DD8E21B0C20450038CC9A /* Controller */ = {
			isa = PBXGroup;
			children = (
				892DD8E61B0C20720038CC9A /* ViewController.h */,
				892DD8E71B0C20720038CC9A /* ViewController.m */,
			);
			name = Controller;
			sourceTree = "<group>";
		};
		895806B11AFF0463006E49B9 /* show */ = {
			isa = PBXGroup;
			children = (
				892DD8A31B0C1FD20038CC9A /* zoom.gif */,
				892DD8A41B0C1FD20038CC9A /* push.gif */,
				892DD8A51B0C1FD20038CC9A /* outScreen.gif */,
				892DD8A61B0C1FD20038CC9A /* zoomMax.gif */,
				892DD8A71B0C1FD20038CC9A /* modal.gif */,
				892DD8A81B0C1FD20038CC9A /* transition.gif */,
				895806B21AFF0463006E49B9 /* 1.gif */,
				895806B31AFF0463006E49B9 /* 2.gif */,
				895806B41AFF0463006E49B9 /* 3.gif */,
			);
			path = show;
			sourceTree = "<group>";
		};
		896339D61AF7BA1A0085A721 = {
			isa = PBXGroup;
			children = (
				896339E11AF7BA1A0085A721 /* CorePhotoBroswerVC */,
				896339FB1AF7BA1A0085A721 /* CorePhotoBroswerVCTests */,
				896339E01AF7BA1A0085A721 /* Products */,
			);
			sourceTree = "<group>";
		};
		896339E01AF7BA1A0085A721 /* Products */ = {
			isa = PBXGroup;
			children = (
				896339DF1AF7BA1A0085A721 /* CorePhotoBroswerVC.app */,
				896339F81AF7BA1A0085A721 /* CorePhotoBroswerVCTests.xctest */,
			);
			name = Products;
			sourceTree = "<group>";
		};
		896339E11AF7BA1A0085A721 /* CorePhotoBroswerVC */ = {
			isa = PBXGroup;
			children = (
				892DD8AF1B0C1FFD0038CC9A /* CorePhotoBroswerVC */,
				89B8A4091B05A4EF00CE34BE /* APP */,
				896339E21AF7BA1A0085A721 /* Supporting Files */,
			);
			path = CorePhotoBroswerVC;
			sourceTree = "<group>";
		};
		896339E21AF7BA1A0085A721 /* Supporting Files */ = {
			isa = PBXGroup;
			children = (
				89B8A4101B05AEDD00CE34BE /* img */,
				896339E61AF7BA1A0085A721 /* AppDelegate.h */,
				896339E71AF7BA1A0085A721 /* AppDelegate.m */,
				896339EF1AF7BA1A0085A721 /* Images.xcassets */,
				892DD8E91B0C21290038CC9A /* Main.storyboard */,
				896339F11AF7BA1A0085A721 /* LaunchScreen.xib */,
				895806B11AFF0463006E49B9 /* show */,
				896339E31AF7BA1A0085A721 /* Info.plist */,
				896339E41AF7BA1A0085A721 /* main.m */,
			);
			name = "Supporting Files";
			sourceTree = "<group>";
		};
		896339FB1AF7BA1A0085A721 /* CorePhotoBroswerVCTests */ = {
			isa = PBXGroup;
			children = (
				896339FE1AF7BA1A0085A721 /* CorePhotoBroswerVCTests.m */,
				896339FC1AF7BA1A0085A721 /* Supporting Files */,
			);
			path = CorePhotoBroswerVCTests;
			sourceTree = "<group>";
		};
		896339FC1AF7BA1A0085A721 /* Supporting Files */ = {
			isa = PBXGroup;
			children = (
				896339FD1AF7BA1A0085A721 /* Info.plist */,
			);
			name = "Supporting Files";
			sourceTree = "<group>";
		};
		89B8A4091B05A4EF00CE34BE /* APP */ = {
			isa = PBXGroup;
			children = (
				892DD8E01B0C20350038CC9A /* Home */,
			);
			name = APP;
			sourceTree = "<group>";
		};
		89B8A4101B05AEDD00CE34BE /* img */ = {
			isa = PBXGroup;
			children = (
				892DD8911B0C1FB70038CC9A /* 1.png */,
				892DD8921B0C1FB70038CC9A /* 2.png */,
				892DD8931B0C1FB70038CC9A /* 3.png */,
				892DD8941B0C1FB70038CC9A /* 4.png */,
				892DD8951B0C1FB70038CC9A /* 5.png */,
				892DD8961B0C1FB70038CC9A /* 6.png */,
				892DD8971B0C1FB70038CC9A /* 7.png */,
				892DD8981B0C1FB70038CC9A /* 8.png */,
				892DD8991B0C1FB70038CC9A /* 9.png */,
			);
			name = img;
			sourceTree = "<group>";
		};
		BC5BE5931C88307000E96E10 /* Source */ = {
			isa = PBXGroup;
			children = (
				BC5BE60C1C8831D600E96E10 /* PhotoBroswerConfig */,
				BC5BE5941C88307000E96E10 /* Categrory */,
				BC5BE5A01C88307000E96E10 /* CoreArchive */,
				BC5BE5A31C88307000E96E10 /* CoreSDWebImage */,
				BC5BE5C81C88307000E96E10 /* CoreSVP */,
				BC5BE5D31C88307000E96E10 /* Model */,
				BC5BE5D61C88307000E96E10 /* Resource */,
				BC5BE5D81C88307000E96E10 /* View */,
			);
			path = Source;
			sourceTree = "<group>";
		};
		BC5BE5941C88307000E96E10 /* Categrory */ = {
			isa = PBXGroup;
			children = (
				BC5BE5951C88307000E96E10 /* CALayer+Transition.h */,
				BC5BE5961C88307000E96E10 /* CALayer+Transition.m */,
				BC5BE5971C88307000E96E10 /* NSString+File.h */,
				BC5BE5981C88307000E96E10 /* NSString+File.m */,
				BC5BE5991C88307000E96E10 /* UIImage+Extend.h */,
				BC5BE59A1C88307000E96E10 /* UIImage+Extend.m */,
				BC5BE59B1C88307000E96E10 /* UIView+Extend.h */,
				BC5BE59C1C88307000E96E10 /* UIView+Extend.m */,
			);
			path = Categrory;
			sourceTree = "<group>";
		};
		BC5BE5A01C88307000E96E10 /* CoreArchive */ = {
			isa = PBXGroup;
			children = (
				BC5BE5A11C88307000E96E10 /* CoreArchive.h */,
				BC5BE5A21C88307000E96E10 /* CoreArchive.m */,
			);
			path = CoreArchive;
			sourceTree = "<group>";
		};
		BC5BE5A31C88307000E96E10 /* CoreSDWebImage */ = {
			isa = PBXGroup;
			children = (
				BC5BE5A41C88307000E96E10 /* Resource */,
				BC5BE5A61C88307000E96E10 /* SDWebImage */,
			);
			path = CoreSDWebImage;
			sourceTree = "<group>";
		};
		BC5BE5A41C88307000E96E10 /* Resource */ = {
			isa = PBXGroup;
			children = (
				BC5BE5A51C88307000E96E10 /* CoreSDWebImage.bundle */,
			);
			path = Resource;
			sourceTree = "<group>";
		};
		BC5BE5A61C88307000E96E10 /* SDWebImage */ = {
			isa = PBXGroup;
			children = (
				BC5BE5A71C88307000E96E10 /* MKAnnotationView+WebCache.h */,
				BC5BE5A81C88307000E96E10 /* MKAnnotationView+WebCache.m */,
				BC5BE5A91C88307000E96E10 /* NSData+ImageContentType.h */,
				BC5BE5AA1C88307000E96E10 /* NSData+ImageContentType.m */,
				BC5BE5AB1C88307000E96E10 /* SDImageCache.h */,
				BC5BE5AC1C88307000E96E10 /* SDImageCache.m */,
				BC5BE5AD1C88307000E96E10 /* SDWebImageCompat.h */,
				BC5BE5AE1C88307000E96E10 /* SDWebImageCompat.m */,
				BC5BE5AF1C88307000E96E10 /* SDWebImageDecoder.h */,
				BC5BE5B01C88307000E96E10 /* SDWebImageDecoder.m */,
				BC5BE5B11C88307000E96E10 /* SDWebImageDownloader.h */,
				BC5BE5B21C88307000E96E10 /* SDWebImageDownloader.m */,
				BC5BE5B31C88307000E96E10 /* SDWebImageDownloaderOperation.h */,
				BC5BE5B41C88307000E96E10 /* SDWebImageDownloaderOperation.m */,
				BC5BE5B51C88307000E96E10 /* SDWebImageManager.h */,
				BC5BE5B61C88307000E96E10 /* SDWebImageManager.m */,
				BC5BE5B71C88307000E96E10 /* SDWebImageOperation.h */,
				BC5BE5B81C88307000E96E10 /* SDWebImagePrefetcher.h */,
				BC5BE5B91C88307000E96E10 /* SDWebImagePrefetcher.m */,
				BC5BE5BA1C88307000E96E10 /* UIButton+WebCache.h */,
				BC5BE5BB1C88307000E96E10 /* UIButton+WebCache.m */,
				BC5BE5BC1C88307000E96E10 /* UIImage+GIF.h */,
				BC5BE5BD1C88307000E96E10 /* UIImage+GIF.m */,
				BC5BE5BE1C88307000E96E10 /* UIImage+MultiFormat.h */,
				BC5BE5BF1C88307000E96E10 /* UIImage+MultiFormat.m */,
				BC5BE5C01C88307000E96E10 /* UIImage+WebP.h */,
				BC5BE5C11C88307000E96E10 /* UIImage+WebP.m */,
				BC5BE5C21C88307000E96E10 /* UIImageView+HighlightedWebCache.h */,
				BC5BE5C31C88307000E96E10 /* UIImageView+HighlightedWebCache.m */,
				BC5BE5C41C88307000E96E10 /* UIImageView+WebCache.h */,
				BC5BE5C51C88307000E96E10 /* UIImageView+WebCache.m */,
				BC5BE5C61C88307000E96E10 /* UIView+WebCacheOperation.h */,
				BC5BE5C71C88307000E96E10 /* UIView+WebCacheOperation.m */,
			);
			path = SDWebImage;
			sourceTree = "<group>";
		};
		BC5BE5C81C88307000E96E10 /* CoreSVP */ = {
			isa = PBXGroup;
			children = (
				BC5BE5C91C88307000E96E10 /* CoreSVP.bundle */,
				BC5BE5CA1C88307000E96E10 /* CoreSVP.h */,
				BC5BE5CB1C88307000E96E10 /* CoreSVP.m */,
				BC5BE5CC1C88307000E96E10 /* SVProgressHUD */,
			);
			path = CoreSVP;
			sourceTree = "<group>";
		};
		BC5BE5CC1C88307000E96E10 /* SVProgressHUD */ = {
			isa = PBXGroup;
			children = (
				BC5BE5CD1C88307000E96E10 /* SVIndefiniteAnimatedView.h */,
				BC5BE5CE1C88307000E96E10 /* SVIndefiniteAnimatedView.m */,
				BC5BE5CF1C88307000E96E10 /* SVProgressHUD-Prefix.pch */,
				BC5BE5D01C88307000E96E10 /* SVProgressHUD.bundle */,
				BC5BE5D11C88307000E96E10 /* SVProgressHUD.h */,
				BC5BE5D21C88307000E96E10 /* SVProgressHUD.m */,
			);
			path = SVProgressHUD;
			sourceTree = "<group>";
		};
		BC5BE5D31C88307000E96E10 /* Model */ = {
			isa = PBXGroup;
			children = (
				BC5BE5D41C88307000E96E10 /* PhotoModel.h */,
				BC5BE5D51C88307000E96E10 /* PhotoModel.m */,
			);
			path = Model;
			sourceTree = "<group>";
		};
		BC5BE5D61C88307000E96E10 /* Resource */ = {
			isa = PBXGroup;
			children = (
				BC5BE5D71C88307000E96E10 /* PB.bundle */,
			);
			path = Resource;
			sourceTree = "<group>";
		};
		BC5BE5D81C88307000E96E10 /* View */ = {
			isa = PBXGroup;
			children = (
				BC5BE60E1C88338600E96E10 /* LFRoundProgressView.h */,
				BC5BE60F1C88338600E96E10 /* LFRoundProgressView.m */,
				BC5BE6111C8833BF00E96E10 /* PBPGView.h */,
				BC5BE6121C8833BF00E96E10 /* PBPGView.m */,
				BC5BE5E01C88307000E96E10 /* PBScrollView.h */,
				BC5BE5E11C88307000E96E10 /* PBScrollView.m */,
				BC5BE5E21C88307000E96E10 /* PhotoImageView.h */,
				BC5BE5E31C88307000E96E10 /* PhotoImageView.m */,
				BC5BE5E41C88307000E96E10 /* PhotoItemView.h */,
				BC5BE5E51C88307000E96E10 /* PhotoItemView.m */,
				BC5BE5E61C88307000E96E10 /* PhotoItemView.xib */,
			);
			path = View;
			sourceTree = "<group>";
		};
		BC5BE60C1C8831D600E96E10 /* PhotoBroswerConfig */ = {
			isa = PBXGroup;
			children = (
				BC5BE60D1C8831EA00E96E10 /* PhotoBroswerConfig.h */,
			);
			path = PhotoBroswerConfig;
			sourceTree = "<group>";
		};
/* End PBXGroup section */

/* Begin PBXNativeTarget section */
		896339DE1AF7BA1A0085A721 /* CorePhotoBroswerVC */ = {
			isa = PBXNativeTarget;
			buildConfigurationList = 89633A021AF7BA1A0085A721 /* Build configuration list for PBXNativeTarget "CorePhotoBroswerVC" */;
			buildPhases = (
				896339DB1AF7BA1A0085A721 /* Sources */,
				896339DC1AF7BA1A0085A721 /* Frameworks */,
				896339DD1AF7BA1A0085A721 /* Resources */,
			);
			buildRules = (
			);
			dependencies = (
			);
			name = CorePhotoBroswerVC;
			productName = CorePhotoBroswerVC;
			productReference = 896339DF1AF7BA1A0085A721 /* CorePhotoBroswerVC.app */;
			productType = "com.apple.product-type.application";
		};
		896339F71AF7BA1A0085A721 /* CorePhotoBroswerVCTests */ = {
			isa = PBXNativeTarget;
			buildConfigurationList = 89633A051AF7BA1A0085A721 /* Build configuration list for PBXNativeTarget "CorePhotoBroswerVCTests" */;
			buildPhases = (
				896339F41AF7BA1A0085A721 /* Sources */,
				896339F51AF7BA1A0085A721 /* Frameworks */,
				896339F61AF7BA1A0085A721 /* Resources */,
			);
			buildRules = (
			);
			dependencies = (
				896339FA1AF7BA1A0085A721 /* PBXTargetDependency */,
			);
			name = CorePhotoBroswerVCTests;
			productName = CorePhotoBroswerVCTests;
			productReference = 896339F81AF7BA1A0085A721 /* CorePhotoBroswerVCTests.xctest */;
			productType = "com.apple.product-type.bundle.unit-test";
		};
/* End PBXNativeTarget section */

/* Begin PBXProject section */
		896339D71AF7BA1A0085A721 /* Project object */ = {
			isa = PBXProject;
			attributes = {
				LastUpgradeCheck = 0630;
				ORGANIZATIONNAME = "冯成林";
				TargetAttributes = {
					896339DE1AF7BA1A0085A721 = {
						CreatedOnToolsVersion = 6.3;
					};
					896339F71AF7BA1A0085A721 = {
						CreatedOnToolsVersion = 6.3;
						TestTargetID = 896339DE1AF7BA1A0085A721;
					};
				};
			};
			buildConfigurationList = 896339DA1AF7BA1A0085A721 /* Build configuration list for PBXProject "CorePhotoBroswerVC" */;
			compatibilityVersion = "Xcode 3.2";
			developmentRegion = English;
			hasScannedForEncodings = 0;
			knownRegions = (
				en,
				Base,
			);
			mainGroup = 896339D61AF7BA1A0085A721;
			productRefGroup = 896339E01AF7BA1A0085A721 /* Products */;
			projectDirPath = "";
			projectRoot = "";
			targets = (
				896339DE1AF7BA1A0085A721 /* CorePhotoBroswerVC */,
				896339F71AF7BA1A0085A721 /* CorePhotoBroswerVCTests */,
			);
		};
/* End PBXProject section */

/* Begin PBXResourcesBuildPhase section */
		896339DD1AF7BA1A0085A721 /* Resources */ = {
			isa = PBXResourcesBuildPhase;
			buildActionMask = 2147483647;
			files = (
				BC5BE6011C88307000E96E10 /* SVProgressHUD.bundle in Resources */,
				892DD8A11B0C1FB70038CC9A /* 8.png in Resources */,
				892DD8AB1B0C1FD20038CC9A /* outScreen.gif in Resources */,
				892DD89C1B0C1FB70038CC9A /* 3.png in Resources */,
				895806B51AFF0463006E49B9 /* 1.gif in Resources */,
				892DD8AC1B0C1FD20038CC9A /* zoomMax.gif in Resources */,
				892DD8EA1B0C21290038CC9A /* Main.storyboard in Resources */,
				892DD89B1B0C1FB70038CC9A /* 2.png in Resources */,
				892DD8AA1B0C1FD20038CC9A /* push.gif in Resources */,
				BC5BE6041C88307000E96E10 /* PB.bundle in Resources */,
				BC5BE5ED1C88307000E96E10 /* CoreSDWebImage.bundle in Resources */,
				BC5BE60B1C88307000E96E10 /* PhotoItemView.xib in Resources */,
				892DD8A91B0C1FD20038CC9A /* zoom.gif in Resources */,
				892DD89E1B0C1FB70038CC9A /* 5.png in Resources */,
				896339F31AF7BA1A0085A721 /* LaunchScreen.xib in Resources */,
				892DD8A21B0C1FB70038CC9A /* 9.png in Resources */,
				892DD89A1B0C1FB70038CC9A /* 1.png in Resources */,
				895806B61AFF0463006E49B9 /* 2.gif in Resources */,
				892DD8DF1B0C1FFD0038CC9A /* PhotoBroswer.xib in Resources */,
				BC5BE5FE1C88307000E96E10 /* CoreSVP.bundle in Resources */,
				892DD8AD1B0C1FD20038CC9A /* modal.gif in Resources */,
				892DD8AE1B0C1FD20038CC9A /* transition.gif in Resources */,
				895806B71AFF0463006E49B9 /* 3.gif in Resources */,
				896339F01AF7BA1A0085A721 /* Images.xcassets in Resources */,
				892DD89F1B0C1FB70038CC9A /* 6.png in Resources */,
				892DD89D1B0C1FB70038CC9A /* 4.png in Resources */,
				892DD8A01B0C1FB70038CC9A /* 7.png in Resources */,
			);
			runOnlyForDeploymentPostprocessing = 0;
		};
		896339F61AF7BA1A0085A721 /* Resources */ = {
			isa = PBXResourcesBuildPhase;
			buildActionMask = 2147483647;
			files = (
			);
			runOnlyForDeploymentPostprocessing = 0;
		};
/* End PBXResourcesBuildPhase section */

/* Begin PBXSourcesBuildPhase section */
		896339DB1AF7BA1A0085A721 /* Sources */ = {
			isa = PBXSourcesBuildPhase;
			buildActionMask = 2147483647;
			files = (
				BC5BE5F81C88307000E96E10 /* UIImage+GIF.m in Sources */,
				892DD8DE1B0C1FFD0038CC9A /* PhotoBroswer.m in Sources */,
				BC5BE5F61C88307000E96E10 /* SDWebImagePrefetcher.m in Sources */,
				BC5BE5EA1C88307000E96E10 /* UIView+Extend.m in Sources */,
				892DD8E81B0C20720038CC9A /* ViewController.m in Sources */,
				BC5BE5EF1C88307000E96E10 /* NSData+ImageContentType.m in Sources */,
				BC5BE6081C88307000E96E10 /* PBScrollView.m in Sources */,
				BC5BE5FF1C88307000E96E10 /* CoreSVP.m in Sources */,
				892DD8E51B0C20690038CC9A /* PhotoCotentView.m in Sources */,
				BC5BE6131C8833BF00E96E10 /* PBPGView.m in Sources */,
				BC5BE60A1C88307000E96E10 /* PhotoItemView.m in Sources */,
				BC5BE5E81C88307000E96E10 /* NSString+File.m in Sources */,
				BC5BE5F71C88307000E96E10 /* UIButton+WebCache.m in Sources */,
				BC5BE5F41C88307000E96E10 /* SDWebImageDownloaderOperation.m in Sources */,
				BC5BE5EE1C88307000E96E10 /* MKAnnotationView+WebCache.m in Sources */,
				BC5BE6001C88307000E96E10 /* SVIndefiniteAnimatedView.m in Sources */,
				BC5BE5F11C88307000E96E10 /* SDWebImageCompat.m in Sources */,
				BC5BE5F91C88307000E96E10 /* UIImage+MultiFormat.m in Sources */,
				BC5BE6101C88338600E96E10 /* LFRoundProgressView.m in Sources */,
				BC5BE5FC1C88307000E96E10 /* UIImageView+WebCache.m in Sources */,
				BC5BE6021C88307000E96E10 /* SVProgressHUD.m in Sources */,
				896339E81AF7BA1A0085A721 /* AppDelegate.m in Sources */,
				BC5BE5FD1C88307000E96E10 /* UIView+WebCacheOperation.m in Sources */,
				BC5BE5EC1C88307000E96E10 /* CoreArchive.m in Sources */,
				BC5BE5E71C88307000E96E10 /* CALayer+Transition.m in Sources */,
				BC5BE5F31C88307000E96E10 /* SDWebImageDownloader.m in Sources */,
				BC5BE5FB1C88307000E96E10 /* UIImageView+HighlightedWebCache.m in Sources */,
				BC5BE6031C88307000E96E10 /* PhotoModel.m in Sources */,
				BC5BE5F21C88307000E96E10 /* SDWebImageDecoder.m in Sources */,
				BC5BE5FA1C88307000E96E10 /* UIImage+WebP.m in Sources */,
				BC5BE6091C88307000E96E10 /* PhotoImageView.m in Sources */,
				BC5BE5F51C88307000E96E10 /* SDWebImageManager.m in Sources */,
				896339E51AF7BA1A0085A721 /* main.m in Sources */,
				BC5BE5E91C88307000E96E10 /* UIImage+Extend.m in Sources */,
				BC5BE5F01C88307000E96E10 /* SDImageCache.m in Sources */,
			);
			runOnlyForDeploymentPostprocessing = 0;
		};
		896339F41AF7BA1A0085A721 /* Sources */ = {
			isa = PBXSourcesBuildPhase;
			buildActionMask = 2147483647;
			files = (
				896339FF1AF7BA1A0085A721 /* CorePhotoBroswerVCTests.m in Sources */,
			);
			runOnlyForDeploymentPostprocessing = 0;
		};
/* End PBXSourcesBuildPhase section */

/* Begin PBXTargetDependency section */
		896339FA1AF7BA1A0085A721 /* PBXTargetDependency */ = {
			isa = PBXTargetDependency;
			target = 896339DE1AF7BA1A0085A721 /* CorePhotoBroswerVC */;
			targetProxy = 896339F91AF7BA1A0085A721 /* PBXContainerItemProxy */;
		};
/* End PBXTargetDependency section */

/* Begin PBXVariantGroup section */
		896339F11AF7BA1A0085A721 /* LaunchScreen.xib */ = {
			isa = PBXVariantGroup;
			children = (
				896339F21AF7BA1A0085A721 /* Base */,
			);
			name = LaunchScreen.xib;
			sourceTree = "<group>";
		};
/* End PBXVariantGroup section */

/* Begin XCBuildConfiguration section */
		89633A001AF7BA1A0085A721 /* Debug */ = {
			isa = XCBuildConfiguration;
			buildSettings = {
				ALWAYS_SEARCH_USER_PATHS = NO;
				CLANG_CXX_LANGUAGE_STANDARD = "gnu++0x";
				CLANG_CXX_LIBRARY = "libc++";
				CLANG_ENABLE_MODULES = YES;
				CLANG_ENABLE_OBJC_ARC = YES;
				CLANG_WARN_BOOL_CONVERSION = YES;
				CLANG_WARN_CONSTANT_CONVERSION = YES;
				CLANG_WARN_DIRECT_OBJC_ISA_USAGE = YES_ERROR;
				CLANG_WARN_EMPTY_BODY = YES;
				CLANG_WARN_ENUM_CONVERSION = YES;
				CLANG_WARN_INT_CONVERSION = YES;
				CLANG_WARN_OBJC_ROOT_CLASS = YES_ERROR;
				CLANG_WARN_UNREACHABLE_CODE = YES;
				CLANG_WARN__DUPLICATE_METHOD_MATCH = YES;
				"CODE_SIGN_IDENTITY[sdk=iphoneos*]" = "iPhone Developer";
				COPY_PHASE_STRIP = NO;
				DEBUG_INFORMATION_FORMAT = "dwarf-with-dsym";
				ENABLE_STRICT_OBJC_MSGSEND = YES;
				GCC_C_LANGUAGE_STANDARD = gnu99;
				GCC_DYNAMIC_NO_PIC = NO;
				GCC_NO_COMMON_BLOCKS = YES;
				GCC_OPTIMIZATION_LEVEL = 0;
				GCC_PREPROCESSOR_DEFINITIONS = (
					"DEBUG=1",
					"$(inherited)",
				);
				GCC_SYMBOLS_PRIVATE_EXTERN = NO;
				GCC_WARN_64_TO_32_BIT_CONVERSION = YES;
				GCC_WARN_ABOUT_RETURN_TYPE = YES_ERROR;
				GCC_WARN_UNDECLARED_SELECTOR = YES;
				GCC_WARN_UNINITIALIZED_AUTOS = YES_AGGRESSIVE;
				GCC_WARN_UNUSED_FUNCTION = YES;
				GCC_WARN_UNUSED_VARIABLE = YES;
				IPHONEOS_DEPLOYMENT_TARGET = 8.3;
				MTL_ENABLE_DEBUG_INFO = YES;
				ONLY_ACTIVE_ARCH = YES;
				SDKROOT = iphoneos;
			};
			name = Debug;
		};
		89633A011AF7BA1A0085A721 /* Release */ = {
			isa = XCBuildConfiguration;
			buildSettings = {
				ALWAYS_SEARCH_USER_PATHS = NO;
				CLANG_CXX_LANGUAGE_STANDARD = "gnu++0x";
				CLANG_CXX_LIBRARY = "libc++";
				CLANG_ENABLE_MODULES = YES;
				CLANG_ENABLE_OBJC_ARC = YES;
				CLANG_WARN_BOOL_CONVERSION = YES;
				CLANG_WARN_CONSTANT_CONVERSION = YES;
				CLANG_WARN_DIRECT_OBJC_ISA_USAGE = YES_ERROR;
				CLANG_WARN_EMPTY_BODY = YES;
				CLANG_WARN_ENUM_CONVERSION = YES;
				CLANG_WARN_INT_CONVERSION = YES;
				CLANG_WARN_OBJC_ROOT_CLASS = YES_ERROR;
				CLANG_WARN_UNREACHABLE_CODE = YES;
				CLANG_WARN__DUPLICATE_METHOD_MATCH = YES;
				"CODE_SIGN_IDENTITY[sdk=iphoneos*]" = "iPhone Developer";
				COPY_PHASE_STRIP = NO;
				DEBUG_INFORMATION_FORMAT = "dwarf-with-dsym";
				ENABLE_NS_ASSERTIONS = NO;
				ENABLE_STRICT_OBJC_MSGSEND = YES;
				GCC_C_LANGUAGE_STANDARD = gnu99;
				GCC_NO_COMMON_BLOCKS = YES;
				GCC_WARN_64_TO_32_BIT_CONVERSION = YES;
				GCC_WARN_ABOUT_RETURN_TYPE = YES_ERROR;
				GCC_WARN_UNDECLARED_SELECTOR = YES;
				GCC_WARN_UNINITIALIZED_AUTOS = YES_AGGRESSIVE;
				GCC_WARN_UNUSED_FUNCTION = YES;
				GCC_WARN_UNUSED_VARIABLE = YES;
				IPHONEOS_DEPLOYMENT_TARGET = 8.3;
				MTL_ENABLE_DEBUG_INFO = NO;
				SDKROOT = iphoneos;
				VALIDATE_PRODUCT = YES;
			};
			name = Release;
		};
		89633A031AF7BA1A0085A721 /* Debug */ = {
			isa = XCBuildConfiguration;
			buildSettings = {
				ASSETCATALOG_COMPILER_APPICON_NAME = AppIcon;
				ASSETCATALOG_COMPILER_LAUNCHIMAGE_NAME = LaunchImage;
				INFOPLIST_FILE = CorePhotoBroswerVC/Info.plist;
				IPHONEOS_DEPLOYMENT_TARGET = 7.0;
				LD_RUNPATH_SEARCH_PATHS = "$(inherited) @executable_path/Frameworks";
				PRODUCT_NAME = "$(TARGET_NAME)";
				TARGETED_DEVICE_FAMILY = "1,2";
			};
			name = Debug;
		};
		89633A041AF7BA1A0085A721 /* Release */ = {
			isa = XCBuildConfiguration;
			buildSettings = {
				ASSETCATALOG_COMPILER_APPICON_NAME = AppIcon;
				ASSETCATALOG_COMPILER_LAUNCHIMAGE_NAME = LaunchImage;
				INFOPLIST_FILE = CorePhotoBroswerVC/Info.plist;
				IPHONEOS_DEPLOYMENT_TARGET = 7.0;
				LD_RUNPATH_SEARCH_PATHS = "$(inherited) @executable_path/Frameworks";
				PRODUCT_NAME = "$(TARGET_NAME)";
				TARGETED_DEVICE_FAMILY = "1,2";
			};
			name = Release;
		};
		89633A061AF7BA1A0085A721 /* Debug */ = {
			isa = XCBuildConfiguration;
			buildSettings = {
				BUNDLE_LOADER = "$(TEST_HOST)";
				FRAMEWORK_SEARCH_PATHS = (
					"$(SDKROOT)/Developer/Library/Frameworks",
					"$(inherited)",
				);
				GCC_PREPROCESSOR_DEFINITIONS = (
					"DEBUG=1",
					"$(inherited)",
				);
				INFOPLIST_FILE = CorePhotoBroswerVCTests/Info.plist;
				LD_RUNPATH_SEARCH_PATHS = "$(inherited) @executable_path/Frameworks @loader_path/Frameworks";
				PRODUCT_NAME = "$(TARGET_NAME)";
				TEST_HOST = "$(BUILT_PRODUCTS_DIR)/CorePhotoBroswerVC.app/CorePhotoBroswerVC";
			};
			name = Debug;
		};
		89633A071AF7BA1A0085A721 /* Release */ = {
			isa = XCBuildConfiguration;
			buildSettings = {
				BUNDLE_LOADER = "$(TEST_HOST)";
				FRAMEWORK_SEARCH_PATHS = (
					"$(SDKROOT)/Developer/Library/Frameworks",
					"$(inherited)",
				);
				INFOPLIST_FILE = CorePhotoBroswerVCTests/Info.plist;
				LD_RUNPATH_SEARCH_PATHS = "$(inherited) @executable_path/Frameworks @loader_path/Frameworks";
				PRODUCT_NAME = "$(TARGET_NAME)";
				TEST_HOST = "$(BUILT_PRODUCTS_DIR)/CorePhotoBroswerVC.app/CorePhotoBroswerVC";
			};
			name = Release;
		};
/* End XCBuildConfiguration section */

/* Begin XCConfigurationList section */
		896339DA1AF7BA1A0085A721 /* Build configuration list for PBXProject "CorePhotoBroswerVC" */ = {
			isa = XCConfigurationList;
			buildConfigurations = (
				89633A001AF7BA1A0085A721 /* Debug */,
				89633A011AF7BA1A0085A721 /* Release */,
			);
			defaultConfigurationIsVisible = 0;
			defaultConfigurationName = Release;
		};
		89633A021AF7BA1A0085A721 /* Build configuration list for PBXNativeTarget "CorePhotoBroswerVC" */ = {
			isa = XCConfigurationList;
			buildConfigurations = (
				89633A031AF7BA1A0085A721 /* Debug */,
				89633A041AF7BA1A0085A721 /* Release */,
			);
			defaultConfigurationIsVisible = 0;
			defaultConfigurationName = Release;
		};
		89633A051AF7BA1A0085A721 /* Build configuration list for PBXNativeTarget "CorePhotoBroswerVCTests" */ = {
			isa = XCConfigurationList;
			buildConfigurations = (
				89633A061AF7BA1A0085A721 /* Debug */,
				89633A071AF7BA1A0085A721 /* Release */,
			);
			defaultConfigurationIsVisible = 0;
			defaultConfigurationName = Release;
		};
/* End XCConfigurationList section */
	};
	rootObject = 896339D71AF7BA1A0085A721 /* Project object */;
}
